{
  "originHash" : "29a89efcbcfc6955bf7aba6ef77cc58f3d20a328be8c96a45f914ab771f3f13d",
  "pins" : [
    {
      "identity" : "buildablemacro",
      "kind" : "remoteSourceControl",
      "location" : "https://github.com/riscfuture/BuildableMacro.git",
      "state" : {
        "revision" : "7bc62067f14f5c40c8397a982e785ecf1116482b",
        "version" : "1.1.0"
      }
    },
    {
      "identity" : "defaults",
      "kind" : "remoteSourceControl",
      "location" : "https://github.com/sindresorhus/Defaults.git",
      "state" : {
        "revision" : "00a7465a0668a87fa159e779b9d80f1f9652357e",
        "version" : "9.0.9"
      }
    },
    {
      "identity" : "gzipswift",
      "kind" : "remoteSourceControl",
      "location" : "https://github.com/1024jp/GzipSwift",
      "state" : {
        "revision" : "41d37421fe2cbbfae4a5593dc29d12999fb73cd7",
        "version" : "7.0.0"
      }
    },
    {
      "identity" : "navdata",
      "kind" : "remoteSourceControl",
      "location" : "https://github.com/SF50-TOLD/NavData",
      "state" : {
        "revision" : "5006219d0446bb9034570abefbad84d427a78251",
        "version" : "1.0.0"
      }
    },
    {
      "identity" : "navdatadistribution",
      "kind" : "remoteSourceControl",
      "location" : "https://github.com/SF50-TOLD/NavDataDistribution",
      "state" : {
        "revision" : "62e9e01a82e3537a92713240450b16fa41764e48",
        "version" : "1.1.0"
      }
    },
    {
      "identity" : "sentry-cocoa",
      "kind" : "remoteSourceControl",
      "location" : "https://github.com/getsentry/sentry-cocoa/",
      "state" : {
        "revision" : "d3562ee73e56a7b0b8319ec613db3c529924f07a",
        "version" : "9.19.1"
      }
    },
    {
      "identity" : "streamingcsv",
      "kind" : "remoteSourceControl",
      "location" : "https://github.com/RISCfuture/StreamingCSV.git",
      "state" : {
        "revision" : "c45b96da50605c3d83bed31fe7934fdf583467ab",
        "version" : "2.1.0"
      }
    },
    {
      "identity" : "streaminglzma",
      "kind" : "remoteSourceControl",
      "location" : "https://github.com/RISCfuture/StreamingLZMA",
      "state" : {
        "revision" : "51e43c72c0a337d05d1546cc549e31938750b79d",
        "version" : "1.3.1"
      }
    },
    {
      "identity" : "swift-algorithms",
      "kind" : "remoteSourceControl",
      "location" : "https://github.com/apple/swift-algorithms.git",
      "state" : {
        "revision" : "87e50f483c54e6efd60e885f7f5aa946cee68023",
        "version" : "1.2.1"
      }
    },
    {
      "identity" : "swift-argument-parser",
      "kind" : "remoteSourceControl",
      "location" : "https://github.com/apple/swift-argument-parser.git",
      "state" : {
        "revision" : "6a52f3251125d74daf04fcbd5e6f08a75d074382",
        "version" : "1.8.2"
      }
    },
    {
      "identity" : "swift-html",
      "kind" : "remoteSourceControl",
      "location" : "https://github.com/BinaryBirds/swift-html",
      "state" : {
        "revision" : "f4fa5bc83fbee8dbd301c6fbb3969437415adad0",
        "version" : "1.7.0"
      }
    },
    {
      "identity" : "swift-log",
      "kind" : "remoteSourceControl",
      "location" : "https://github.com/apple/swift-log.git",
      "state" : {
        "revision" : "a878e7f8f46cfc0e1125e565b5c08e7d5272dc9a",
        "version" : "1.14.0"
      }
    },
    {
      "identity" : "swift-macro-toolkit",
      "kind" : "remoteSourceControl",
      "location" : "https://github.com/stackotter/swift-macro-toolkit",
      "state" : {
        "revision" : "d6ed555bb83c9f21a292e9769952e8f52610a6e2",
        "version" : "0.9.0"
      }
    },
    {
      "identity" : "swift-numberkit",
      "kind" : "remoteSourceControl",
      "location" : "https://github.com/objecthub/swift-numberkit.git",
      "state" : {
        "revision" : "6182110549aa7cf614cb6fff3d6142e65be9b602",
        "version" : "2.6.1"
      }
    },
    {
      "identity" : "swift-numerics",
      "kind" : "remoteSourceControl",
      "location" : "https://github.com/apple/swift-numerics.git",
      "state" : {
        "revision" : "0c0290ff6b24942dadb83a929ffaaa1481df04a2",
        "version" : "1.1.1"
      }
    },
    {
      "identity" : "swift-syntax",
      "kind" : "remoteSourceControl",
      "location" : "https://github.com/swiftlang/swift-syntax",
      "state" : {
        "revision" : "79e4b74a295b6eb74a8b585e3a39d29e70c1dbd1",
        "version" : "603.0.2"
      }
    },
    {
      "identity" : "swiftcifp",
      "kind" : "remoteSourceControl",
      "location" : "https://github.com/RISCfuture/SwiftCIFP.git",
      "state" : {
        "revision" : "4349937f2ad955aada2c5de89f13c810e7bce72f",
        "version" : "1.2.0"
      }
    },
    {
      "identity" : "swiftdof",
      "kind" : "remoteSourceControl",
      "location" : "https://github.com/RISCfuture/SwiftDOF.git",
      "state" : {
        "revision" : "f054244e8671e17e9424b14a689ca869d067062a",
        "version" : "1.2.0"
      }
    },
    {
      "identity" : "swiftmetar",
      "kind" : "remoteSourceControl",
      "location" : "https://github.com/RISCfuture/SwiftMETAR",
      "state" : {
        "branch" : "main",
        "revision" : "381cf6a4509dfb747964e6d049a5ad6c7a48b627"
      }
    },
    {
      "identity" : "swiftnasr",
      "kind" : "remoteSourceControl",
      "location" : "https://github.com/RISCfuture/SwiftNASR",
      "state" : {
        "revision" : "fba98e390d7ff0f87ad6543f4de4f2041db1c722",
        "version" : "4.1.0"
      }
    },
    {
      "identity" : "swiftr2",
      "kind" : "remoteSourceControl",
      "location" : "https://github.com/riscfuture/swiftr2",
      "state" : {
        "revision" : "5e8e5a5d164a1a6c3e0fed64d91d6a35bfd2ecfc",
        "version" : "1.1.0"
      }
    },
    {
      "identity" : "swifttimezonelookup",
      "kind" : "remoteSourceControl",
      "location" : "https://github.com/patrick-zippenfenig/SwiftTimeZoneLookup.git",
      "state" : {
        "revision" : "e4db6c3ad57b58d472a05b73cf8ea78352957500",
        "version" : "1.0.8"
      }
    },
    {
      "identity" : "tiff-ios",
      "kind" : "remoteSourceControl",
      "location" : "https://github.com/ngageoint/tiff-ios.git",
      "state" : {
        "revision" : "2e019be5231352eef1854492bd25f80174b0f902",
        "version" : "5.0.0"
      }
    },
    {
      "identity" : "xcuitestkit",
      "kind" : "remoteSourceControl",
      "location" : "https://github.com/RISCfuture/XCUITestKit",
      "state" : {
        "branch" : "main",
        "revision" : "91efb401e02f1070b6da58014c542f57cc8db098"
      }
    },
    {
      "identity" : "zipfoundation",
      "kind" : "remoteSourceControl",
      "location" : "https://github.com/weichsel/ZIPFoundation",
      "state" : {
        "revision" : "22787ffb59de99e5dc1fbfe80b19c97a904ad48d",
        "version" : "0.9.20"
      }
    }
  ],
  "version" : 3
}
