{
  "originHash" : "63e41f17d4239b5e2706ac77aa3a56a246aac54e6e2eb90017e19a7a6963e8f6",
  "pins" : [
    {
      "identity" : "buildablemacro",
      "kind" : "remoteSourceControl",
      "location" : "https://github.com/riscfuture/BuildableMacro.git",
      "state" : {
        "revision" : "7bc62067f14f5c40c8397a982e785ecf1116482b",
        "version" : "1.1.0"
      }
    },
    {
      "identity" : "defaults",
      "kind" : "remoteSourceControl",
      "location" : "https://github.com/sindresorhus/Defaults.git",
      "state" : {
        "revision" : "00a7465a0668a87fa159e779b9d80f1f9652357e",
        "version" : "9.0.9"
      }
    },
    {
      "identity" : "gzipswift",
      "kind" : "remoteSourceControl",
      "location" : "https://github.com/1024jp/GzipSwift",
      "state" : {
        "revision" : "41d37421fe2cbbfae4a5593dc29d12999fb73cd7",
        "version" : "7.0.0"
      }
    },
    {
      "identity" : "measurementkit",
      "kind" : "remoteSourceControl",
      "location" : "https://github.com/RISCfuture/MeasurementKit",
      "state" : {
        "branch" : "main",
        "revision" : "4cbbf90e0bea53a86017222447e679d038a7aaef"
      }
    },
    {
      "identity" : "navdata",
      "kind" : "remoteSourceControl",
      "location" : "https://github.com/SF50-TOLD/NavData",
      "state" : {
        "branch" : "main",
        "revision" : "f8ee8289b1a6697181b25d6ae77417b9367525b7"
      }
    },
    {
      "identity" : "navdatadistribution",
      "kind" : "remoteSourceControl",
      "location" : "https://github.com/SF50-TOLD/NavDataDistribution",
      "state" : {
        "branch" : "main",
        "revision" : "b071c9b9da2d5eb345442af6bc85f957ac7cb642"
      }
    },
    {
      "identity" : "sentry-cocoa",
      "kind" : "remoteSourceControl",
      "location" : "https://github.com/getsentry/sentry-cocoa/",
      "state" : {
        "revision" : "61e8cb02434b26fb34c58126d883e5663cfde238",
        "version" : "9.28.0"
      }
    },
    {
      "identity" : "streamingcsv",
      "kind" : "remoteSourceControl",
      "location" : "https://github.com/RISCfuture/StreamingCSV",
      "state" : {
        "branch" : "main",
        "revision" : "df1a7898e56cd0f257e5b7ffbe7b7866922e6a86"
      }
    },
    {
      "identity" : "streaminglzma",
      "kind" : "remoteSourceControl",
      "location" : "https://github.com/RISCfuture/StreamingLZMA",
      "state" : {
        "branch" : "main",
        "revision" : "748c91c912b4e5f7727ee299e49827d124d0a231"
      }
    },
    {
      "identity" : "swift-algorithms",
      "kind" : "remoteSourceControl",
      "location" : "https://github.com/apple/swift-algorithms.git",
      "state" : {
        "revision" : "87e50f483c54e6efd60e885f7f5aa946cee68023",
        "version" : "1.2.1"
      }
    },
    {
      "identity" : "swift-argument-parser",
      "kind" : "remoteSourceControl",
      "location" : "https://github.com/apple/swift-argument-parser.git",
      "state" : {
        "revision" : "6a52f3251125d74daf04fcbd5e6f08a75d074382",
        "version" : "1.8.2"
      }
    },
    {
      "identity" : "swift-asn1",
      "kind" : "remoteSourceControl",
      "location" : "https://github.com/apple/swift-asn1.git",
      "state" : {
        "revision" : "a9a5efd40eaf558a2bcd48d64b1d1646be686008",
        "version" : "1.7.1"
      }
    },
    {
      "identity" : "swift-crypto",
      "kind" : "remoteSourceControl",
      "location" : "https://github.com/apple/swift-crypto.git",
      "state" : {
        "revision" : "47d3869a7291f085c1fb9fb1e6d3b97a793f45c6",
        "version" : "4.5.1"
      }
    },
    {
      "identity" : "swift-html",
      "kind" : "remoteSourceControl",
      "location" : "https://github.com/BinaryBirds/swift-html",
      "state" : {
        "revision" : "f4fa5bc83fbee8dbd301c6fbb3969437415adad0",
        "version" : "1.7.0"
      }
    },
    {
      "identity" : "swift-log",
      "kind" : "remoteSourceControl",
      "location" : "https://github.com/apple/swift-log.git",
      "state" : {
        "revision" : "9c6fb14227f55d8f711ce3847dc2f419fb0ecacb",
        "version" : "1.15.1"
      }
    },
    {
      "identity" : "swift-macro-toolkit",
      "kind" : "remoteSourceControl",
      "location" : "https://github.com/stackotter/swift-macro-toolkit",
      "state" : {
        "revision" : "d6ed555bb83c9f21a292e9769952e8f52610a6e2",
        "version" : "0.9.0"
      }
    },
    {
      "identity" : "swift-numberkit",
      "kind" : "remoteSourceControl",
      "location" : "https://github.com/objecthub/swift-numberkit.git",
      "state" : {
        "revision" : "6182110549aa7cf614cb6fff3d6142e65be9b602",
        "version" : "2.6.1"
      }
    },
    {
      "identity" : "swift-numerics",
      "kind" : "remoteSourceControl",
      "location" : "https://github.com/apple/swift-numerics.git",
      "state" : {
        "revision" : "0c0290ff6b24942dadb83a929ffaaa1481df04a2",
        "version" : "1.1.1"
      }
    },
    {
      "identity" : "swift-syntax",
      "kind" : "remoteSourceControl",
      "location" : "https://github.com/swiftlang/swift-syntax",
      "state" : {
        "revision" : "79e4b74a295b6eb74a8b585e3a39d29e70c1dbd1",
        "version" : "603.0.2"
      }
    },
    {
      "identity" : "swiftcifp",
      "kind" : "remoteSourceControl",
      "location" : "https://github.com/RISCfuture/SwiftCIFP.git",
      "state" : {
        "branch" : "main",
        "revision" : "89e43822b187c08f181586d95d7bd9e69fbe6d88"
      }
    },
    {
      "identity" : "swiftdof",
      "kind" : "remoteSourceControl",
      "location" : "https://github.com/RISCfuture/SwiftDOF.git",
      "state" : {
        "branch" : "main",
        "revision" : "5630d134e371347c5302f0d0b17440103dbacbf8"
      }
    },
    {
      "identity" : "swiftmetar",
      "kind" : "remoteSourceControl",
      "location" : "https://github.com/RISCfuture/SwiftMETAR",
      "state" : {
        "branch" : "main",
        "revision" : "0e7d39936dd0d4c8b3c4f78d09e1a908648fc647"
      }
    },
    {
      "identity" : "swiftnasr",
      "kind" : "remoteSourceControl",
      "location" : "https://github.com/RISCfuture/SwiftNASR",
      "state" : {
        "branch" : "main",
        "revision" : "43793427d3ff4cac842981405a38aad62bb15e57"
      }
    },
    {
      "identity" : "swiftr2",
      "kind" : "remoteSourceControl",
      "location" : "https://github.com/riscfuture/swiftr2",
      "state" : {
        "branch" : "main",
        "revision" : "6595082e5aca345c029ef8cfcc1e8edb100a884b"
      }
    },
    {
      "identity" : "swifttimezonelookup",
      "kind" : "remoteSourceControl",
      "location" : "https://github.com/patrick-zippenfenig/SwiftTimeZoneLookup.git",
      "state" : {
        "revision" : "e4db6c3ad57b58d472a05b73cf8ea78352957500",
        "version" : "1.0.8"
      }
    },
    {
      "identity" : "xcuitestkit",
      "kind" : "remoteSourceControl",
      "location" : "https://github.com/RISCfuture/XCUITestKit",
      "state" : {
        "branch" : "main",
        "revision" : "b76d0fc269f04019767530b0180671738128fe7e"
      }
    },
    {
      "identity" : "zipfoundation",
      "kind" : "remoteSourceControl",
      "location" : "https://github.com/weichsel/ZIPFoundation",
      "state" : {
        "revision" : "22787ffb59de99e5dc1fbfe80b19c97a904ad48d",
        "version" : "0.9.20"
      }
    }
  ],
  "version" : 3
}
